github.com/LFLATH/GoMath v0.0.0-20220926160440-b789d526f2e9 h1:9RFGOoVsE9j1j8FHL2CIq7wBMlQm4l8dPkd91k9/P0M=
github.com/LFLATH/GoMath v0.0.0-20220926160440-b789d526f2e9/go.mod h1:ih18CjTRDTJ2WbWnlTtiDiuQ690dxJopFlNLMFiRvfs=
github.com/LFLATH/GoMath v0.0.0-20220926161517-da26478f4a85 h1:X/QbJPhD0mgk/5forNpxFaGwGp4iZt1PGp5h3EofREA=
github.com/LFLATH/GoMath v0.0.0-20220926161517-da26478f4a85/go.mod h1:ih18CjTRDTJ2WbWnlTtiDiuQ690dxJopFlNLMFiRvfs=
github.com/LFLATH/GoMath v0.0.0-20221001185901-b2aa15011bf9 h1:0n9Yc2gkir0XSzF64SBYH3JGfNhEDFbiELtWd1/ti2A=
github.com/LFLATH/GoMath v0.0.0-20221001185901-b2aa15011bf9/go.mod h1:ih18CjTRDTJ2WbWnlTtiDiuQ690dxJopFlNLMFiRvfs=
